
Microsoft Visual Studio Solution File, Format Version 11.00
# Visual Studio 2010
Project("{8BC9CEB8-8B4A-11D0-8D11-00A0C91BC942}") = "4.18", "4.18\4.18.vcxproj", "{EAFC45C4-3690-4C70-931D-E0649BA04432}"
EndProject
Global
	GlobalSection(SolutionConfigurationPlatforms) = preSolution
		Debug|Win32 = Debug|Win32
		Release|Win32 = Release|Win32
	EndGlobalSection
	GlobalSection(ProjectConfigurationPlatforms) = postSolution
		{EAFC45C4-3690-4C70-931D-E0649BA04432}.Debug|Win32.ActiveCfg = Debug|Win32
		{EAFC45C4-3690-4C70-931D-E0649BA04432}.Debug|Win32.Build.0 = Debug|Win32
		{EAFC45C4-3690-4C70-931D-E0649BA04432}.Release|Win32.ActiveCfg = Release|Win32
		{EAFC45C4-3690-4C70-931D-E0649BA04432}.Release|Win32.Build.0 = Release|Win32
	EndGlobalSection
	GlobalSection(SolutionProperties) = preSolution
		HideSolutionNode = FALSE
	EndGlobalSection
EndGlobal
