<?xml version="1.0" encoding="utf-8"?>
<Project ToolsVersion="4.0" xmlns="http://schemas.microsoft.com/developer/msbuild/2003">
  <ItemGroup>
    <Filter Include="Source Files">
      <UniqueIdentifier>{c2b1f3c8-c798-46de-8f93-a1b61746a367}</UniqueIdentifier>
      <Extensions>cpp;c;cxx;rc;def;r;odl;idl;hpj;bat</Extensions>
    </Filter>
    <Filter Include="Header Files">
      <UniqueIdentifier>{2e5d670e-a1d7-4e77-8b6a-04233e1b78fc}</UniqueIdentifier>
      <Extensions>h;hpp;hxx;hm;inl</Extensions>
    </Filter>
    <Filter Include="Resource Files">
      <UniqueIdentifier>{461fd77b-7af7-4cf0-b97b-d67a6662925d}</UniqueIdentifier>
      <Extensions>ico;cur;bmp;dlg;rc2;rct;bin;rgs;gif;jpg;jpeg;jpe</Extensions>
    </Filter>
  </ItemGroup>
  <ItemGroup>
    <ClCompile Include="StdAfx.cpp">
      <Filter>Source Files</Filter>
    </ClCompile>
    <ClCompile Include="win8关机询问.cpp">
      <Filter>Source Files</Filter>
    </ClCompile>
    <ClCompile Include="win8关机询问Dlg.cpp">
      <Filter>Source Files</Filter>
    </ClCompile>
  </ItemGroup>
  <ItemGroup>
    <ResourceCompile Include="win8关机询问.rc">
      <Filter>Source Files</Filter>
    </ResourceCompile>
  </ItemGroup>
  <ItemGroup>
    <ClInclude Include="Resource.h">
      <Filter>Header Files</Filter>
    </ClInclude>
    <ClInclude Include="StdAfx.h">
      <Filter>Header Files</Filter>
    </ClInclude>
    <ClInclude Include="win8关机询问.h">
      <Filter>Header Files</Filter>
    </ClInclude>
    <ClInclude Include="win8关机询问Dlg.h">
      <Filter>Header Files</Filter>
    </ClInclude>
  </ItemGroup>
  <ItemGroup>
    <CustomBuild Include="8832955_193853829000_2.bmp">
      <Filter>Resource Files</Filter>
    </CustomBuild>
    <CustomBuild Include="8832955_193853829000_2_副本.bmp">
      <Filter>Resource Files</Filter>
    </CustomBuild>
    <CustomBuild Include="A.ico">
      <Filter>Resource Files</Filter>
    </CustomBuild>
    <CustomBuild Include="C.ico">
      <Filter>Resource Files</Filter>
    </CustomBuild>
    <CustomBuild Include="e.ico">
      <Filter>Resource Files</Filter>
    </CustomBuild>
    <CustomBuild Include="N.ico">
      <Filter>Resource Files</Filter>
    </CustomBuild>
    <CustomBuild Include="S.ico">
      <Filter>Resource Files</Filter>
    </CustomBuild>
    <CustomBuild Include="U.ico">
      <Filter>Resource Files</Filter>
    </CustomBuild>
    <CustomBuild Include="res\win8关机询问.ico">
      <Filter>Resource Files</Filter>
    </CustomBuild>
    <CustomBuild Include="res\win8关机询问.rc2">
      <Filter>Resource Files</Filter>
    </CustomBuild>
    <CustomBuild Include="兆.ico">
      <Filter>Resource Files</Filter>
    </CustomBuild>
    <CustomBuild Include="ReadMe.txt" />
  </ItemGroup>
</Project>