
Microsoft Visual Studio Solution File, Format Version 11.00
# Visual Studio 2010
Project("{8BC9CEB8-8B4A-11D0-8D11-00A0C91BC942}") = "类继承相关", "类继承相关\类继承相关.vcxproj", "{4BCABBF0-231B-4A30-8723-17DFDF187650}"
EndProject
Global
	GlobalSection(SolutionConfigurationPlatforms) = preSolution
		Debug|Win32 = Debug|Win32
		Release|Win32 = Release|Win32
	EndGlobalSection
	GlobalSection(ProjectConfigurationPlatforms) = postSolution
		{4BCABBF0-231B-4A30-8723-17DFDF187650}.Debug|Win32.ActiveCfg = Debug|Win32
		{4BCABBF0-231B-4A30-8723-17DFDF187650}.Debug|Win32.Build.0 = Debug|Win32
		{4BCABBF0-231B-4A30-8723-17DFDF187650}.Release|Win32.ActiveCfg = Release|Win32
		{4BCABBF0-231B-4A30-8723-17DFDF187650}.Release|Win32.Build.0 = Release|Win32
	EndGlobalSection
	GlobalSection(SolutionProperties) = preSolution
		HideSolutionNode = FALSE
	EndGlobalSection
EndGlobal
